{
  "name": "aura-professional-on-gcp",
  "version": "1.0.0",
  "lockfileVersion": 1,
  "requires": true,
  "dependencies": {
    "@babel/runtime": {
      "version": "7.11.2",
      "resolved": "https://neo.jfrog.io/neo/api/npm/npm/@babel/runtime/-/runtime-7.11.2.tgz",
      "integrity": "sha1-9UnBPHVMxAuHZEufqfCaapX+BzY=",
      "requires": {
        "regenerator-runtime": "^0.13.4"
      }
    },
    "neo4j-driver": {
      "version": "4.1.1",
      "resolved": "https://neo.jfrog.io/neo/api/npm/npm/neo4j-driver/-/neo4j-driver-4.1.1.tgz",
      "integrity": "sha1-DSXeOYJWEXtgiPxeRGYQDuSuX1c=",
      "requires": {
        "@babel/runtime": "^7.9.6",
        "rxjs": "^6.5.5",
        "text-encoding-utf-8": "^1.0.2",
        "uri-js": "^4.2.2"
      }
    },
    "punycode": {
      "version": "2.1.1",
      "resolved": "https://neo.jfrog.io/neo/api/npm/npm/punycode/-/punycode-2.1.1.tgz",
      "integrity": "sha1-tYsBCsQMIsVldhbI0sLALHv0eew="
    },
    "readline-sync": {
      "version": "1.4.10",
      "resolved": "https://neo.jfrog.io/neo/api/npm/npm/readline-sync/-/readline-sync-1.4.10.tgz",
      "integrity": "sha1-Qd9/u0tjEtZzARWUFFcFv1bYhzs="
    },
    "regenerator-runtime": {
      "version": "0.13.7",
      "resolved": "https://neo.jfrog.io/neo/api/npm/npm/regenerator-runtime/-/regenerator-runtime-0.13.7.tgz",
      "integrity": "sha1-ysLazIoepnX+qrrriugziYrkb1U="
    },
    "rxjs": {
      "version": "6.6.2",
      "resolved": "https://neo.jfrog.io/neo/api/npm/npm/rxjs/-/rxjs-6.6.2.tgz",
      "integrity": "sha1-gJanrAPyzE/lhg725XKBDZ4BwNI=",
      "requires": {
        "tslib": "^1.9.0"
      }
    },
    "text-encoding-utf-8": {
      "version": "1.0.2",
      "resolved": "https://neo.jfrog.io/neo/api/npm/npm/text-encoding-utf-8/-/text-encoding-utf-8-1.0.2.tgz",
      "integrity": "sha1-WFtiGXsK5Dfjx7XQryesECHhDRM="
    },
    "tslib": {
      "version": "1.13.0",
      "resolved": "https://neo.jfrog.io/neo/api/npm/npm/tslib/-/tslib-1.13.0.tgz",
      "integrity": "sha1-yIHhPMcBWJTtkUhi0nZDb6mkcEM="
    },
    "uri-js": {
      "version": "4.2.2",
      "resolved": "https://neo.jfrog.io/neo/api/npm/npm/uri-js/-/uri-js-4.2.2.tgz",
      "integrity": "sha1-lMVA4f93KVbiKZUHwBCupsiDjrA=",
      "requires": {
        "punycode": "^2.1.0"
      }
    }
  }
}
